
Microsoft Visual Studio Solution File, Format Version 12.00
# Visual Studio Version 17
VisualStudioVersion = 17.6.33829.357
MinimumVisualStudioVersion = 10.0.40219.1
Project("{FAE04EC0-301F-11D3-BF4B-00C04F79EFBC}") = "ECommerce.DAL", "ECommerce.DAL\ECommerce.DAL.csproj", "{398906A6-22ED-4B0E-9080-DC3F1767E61C}"
EndProject
Project("{FAE04EC0-301F-11D3-BF4B-00C04F79EFBC}") = "ECommerce.BLL", "ECommerce.BLL\ECommerce.BLL.csproj", "{5369F4C0-E109-449B-BEB2-707DDD87E439}"
EndProject
Project("{FAE04EC0-301F-11D3-BF4B-00C04F79EFBC}") = "ECommerce.WebUI", "ECommerce.WebUI\ECommerce.WebUI.csproj", "{3E012897-AE7B-4646-8911-AC2B903CBC32}"
EndProject
Global
	GlobalSection(SolutionConfigurationPlatforms) = preSolution
		Debug|Any CPU = Debug|Any CPU
		Release|Any CPU = Release|Any CPU
	EndGlobalSection
	GlobalSection(ProjectConfigurationPlatforms) = postSolution
		{398906A6-22ED-4B0E-9080-DC3F1767E61C}.Debug|Any CPU.ActiveCfg = Debug|Any CPU
		{398906A6-22ED-4B0E-9080-DC3F1767E61C}.Debug|Any CPU.Build.0 = Debug|Any CPU
		{398906A6-22ED-4B0E-9080-DC3F1767E61C}.Release|Any CPU.ActiveCfg = Release|Any CPU
		{398906A6-22ED-4B0E-9080-DC3F1767E61C}.Release|Any CPU.Build.0 = Release|Any CPU
		{5369F4C0-E109-449B-BEB2-707DDD87E439}.Debug|Any CPU.ActiveCfg = Debug|Any CPU
		{5369F4C0-E109-449B-BEB2-707DDD87E439}.Debug|Any CPU.Build.0 = Debug|Any CPU
		{5369F4C0-E109-449B-BEB2-707DDD87E439}.Release|Any CPU.ActiveCfg = Release|Any CPU
		{5369F4C0-E109-449B-BEB2-707DDD87E439}.Release|Any CPU.Build.0 = Release|Any CPU
		{3E012897-AE7B-4646-8911-AC2B903CBC32}.Debug|Any CPU.ActiveCfg = Debug|Any CPU
		{3E012897-AE7B-4646-8911-AC2B903CBC32}.Debug|Any CPU.Build.0 = Debug|Any CPU
		{3E012897-AE7B-4646-8911-AC2B903CBC32}.Release|Any CPU.ActiveCfg = Release|Any CPU
		{3E012897-AE7B-4646-8911-AC2B903CBC32}.Release|Any CPU.Build.0 = Release|Any CPU
	EndGlobalSection
	GlobalSection(SolutionProperties) = preSolution
		HideSolutionNode = FALSE
	EndGlobalSection
	GlobalSection(ExtensibilityGlobals) = postSolution
		SolutionGuid = {0853F36B-B9BD-4EB7-B6F9-4B43BEE25282}
	EndGlobalSection
EndGlobal
